{
  "originHash" : "913b71b6ab141c7e15fc9f74ed07e65ace76cff77e278afcab729e83e4477471",
  "pins" : [
    {
      "identity" : "bluesocket",
      "kind" : "remoteSourceControl",
      "location" : "https://github.com/Kitura/BlueSocket.git",
      "state" : {
        "revision" : "7b23a867008e0027bfd6f4d398d44720707bc8ca",
        "version" : "2.0.4"
      }
    },
    {
      "identity" : "screchkit",
      "kind" : "remoteSourceControl",
      "location" : "https://github.com/TopScrech/ScrechKit",
      "state" : {
        "branch" : "main",
        "revision" : "98aa4363c5fe1e0617894a41baa9f297083fb5ac"
      }
    },
    {
      "identity" : "swiftrpc",
      "kind" : "remoteSourceControl",
      "location" : "https://github.com/TopScrech/SwiftRPC",
      "state" : {
        "branch" : "master",
        "revision" : "aebc7b5547e497881d09ed358cd12cbbf768c391"
      }
    }
  ],
  "version" : 3
}
