{
  "originHash" : "2a166d8d9a6ba2397f6a57c9132e74e58258b7dd3662ceac107a374a1c2845cc",
  "pins" : [
    {
      "identity" : "bluesocket",
      "kind" : "remoteSourceControl",
      "location" : "https://github.com/Kitura/BlueSocket.git",
      "state" : {
        "revision" : "7b23a867008e0027bfd6f4d398d44720707bc8ca",
        "version" : "2.0.4"
      }
    },
    {
      "identity" : "screchkit",
      "kind" : "remoteSourceControl",
      "location" : "https://github.com/TopScrech/ScrechKit",
      "state" : {
        "branch" : "main",
        "revision" : "a2f1a8b71c3b389cdf9917b14673d747d75ca051"
      }
    },
    {
      "identity" : "swiftrpc",
      "kind" : "remoteSourceControl",
      "location" : "https://github.com/TopScrech/SwiftRPC",
      "state" : {
        "branch" : "master",
        "revision" : "90e12742cf9b1a93b9e2ee2651051ee0fcb26987"
      }
    }
  ],
  "version" : 3
}
