{
  "originHash" : "114bf86384632c855bc13b03f49c6d9dd339077b4489a80a179807f846218479",
  "pins" : [
    {
      "identity" : "bluesocket",
      "kind" : "remoteSourceControl",
      "location" : "https://github.com/IBM-Swift/BlueSocket.git",
      "state" : {
        "revision" : "7b23a867008e0027bfd6f4d398d44720707bc8ca",
        "version" : "2.0.4"
      }
    },
    {
      "identity" : "screchkit",
      "kind" : "remoteSourceControl",
      "location" : "https://github.com/TopScrech/ScrechKit",
      "state" : {
        "branch" : "main",
        "revision" : "257427e6612bfb87a74a58b541b759796d9723e7"
      }
    },
    {
      "identity" : "swordrpc",
      "kind" : "remoteSourceControl",
      "location" : "https://github.com/TopScrech/SwordRPC",
      "state" : {
        "branch" : "master",
        "revision" : "2c9a4a21cca69f4fef4e4380f79f2a7ea9ec1d87"
      }
    }
  ],
  "version" : 3
}
