{
  "originHash" : "9e6b58e6b6c015ece56fcda1f94d6119a704081247bae2e028c2edbd26651eea",
  "pins" : [
    {
      "identity" : "bluesocket",
      "kind" : "remoteSourceControl",
      "location" : "https://github.com/IBM-Swift/BlueSocket.git",
      "state" : {
        "revision" : "7b23a867008e0027bfd6f4d398d44720707bc8ca",
        "version" : "2.0.4"
      }
    },
    {
      "identity" : "screchkit",
      "kind" : "remoteSourceControl",
      "location" : "https://github.com/TopScrech/ScrechKit",
      "state" : {
        "branch" : "main",
        "revision" : "98aa4363c5fe1e0617894a41baa9f297083fb5ac"
      }
    },
    {
      "identity" : "swordrpc",
      "kind" : "remoteSourceControl",
      "location" : "https://github.com/TopScrech/SwordRPC",
      "state" : {
        "branch" : "master",
        "revision" : "740c9976d348e6d93ee7dbab94af630bf6ad4f54"
      }
    }
  ],
  "version" : 3
}
